
Microsoft Visual Studio Solution File, Format Version 13.00
# Visual Studio 2013
Project("{8BC9CEB8-8B4A-11D0-8D11-00A0C91BC942}") = "Problem_0001", "Problem_0001\Problem_0001.vcxproj", "{50918A7B-45B8-4AA9-8CD3-0689B7C7E367}"
EndProject
Project("{8BC9CEB8-8B4A-11D0-8D11-00A0C91BC942}") = "Problem_0002", "Problem_0002\Problem_0002.vcxproj", "{D40C7C16-3866-4D33-B3B1-09B9379326DE}"
EndProject
Project("{8BC9CEB8-8B4A-11D0-8D11-00A0C91BC942}") = "Problem_0003", "Problem_0003\Problem_0003.vcxproj", "{42B04DEF-0F17-4FB5-BDC8-161CF301F67C}"
EndProject
Project("{8BC9CEB8-8B4A-11D0-8D11-00A0C91BC942}") = "Problem_0004", "Problem_0004\Problem_0004.vcxproj", "{ECB5DDC5-1B80-4DB2-A4BF-1428E8E02E47}"
EndProject
Project("{8BC9CEB8-8B4A-11D0-8D11-00A0C91BC942}") = "Problem_0005", "Problem_0005\Problem_0005.vcxproj", "{8AC36CD7-6A33-4126-9FA3-FEF676FC14BD}"
EndProject
Project("{8BC9CEB8-8B4A-11D0-8D11-00A0C91BC942}") = "Problem_0006", "Problem_0006\Problem_0006.vcxproj", "{259789EE-70E2-4DB1-A7F7-C03D80610D37}"
EndProject
Project("{8BC9CEB8-8B4A-11D0-8D11-00A0C91BC942}") = "Problem_0007", "Problem_0007\Problem_0007.vcxproj", "{BCAD73E6-1ABD-4061-B160-41F078BB7588}"
EndProject
Project("{8BC9CEB8-8B4A-11D0-8D11-00A0C91BC942}") = "Problem_0008", "Problem_0008\Problem_0008.vcxproj", "{F4BAD63F-8491-4B9F-B7EC-5203CE541A0C}"
EndProject
Project("{8BC9CEB8-8B4A-11D0-8D11-00A0C91BC942}") = "Problem_0009", "Problem_0009\Problem_0009.vcxproj", "{AB39D475-5BAA-4740-B3DD-2D108DEBF692}"
EndProject
Project("{8BC9CEB8-8B4A-11D0-8D11-00A0C91BC942}") = "Problem_0010", "Problem_0010\Problem_0010.vcxproj", "{55DCDBE1-F04F-4FC0-9B8D-4B5FF9E24E6E}"
EndProject
Project("{8BC9CEB8-8B4A-11D0-8D11-00A0C91BC942}") = "Problem_0011", "Problem_0011\Problem_0011.vcxproj", "{DBDD29CA-4A1A-40C0-881A-64FE4DDF2B0F}"
EndProject
Project("{8BC9CEB8-8B4A-11D0-8D11-00A0C91BC942}") = "Problem_0012", "Problem_0012\Problem_0012.vcxproj", "{8E3CC4C1-C595-431A-B8FE-494193CBAF2C}"
EndProject
Project("{8BC9CEB8-8B4A-11D0-8D11-00A0C91BC942}") = "Problem_0013", "Problem_0013\Problem_0013.vcxproj", "{5D680265-301A-4C08-B210-686DB3B62E45}"
EndProject
Project("{8BC9CEB8-8B4A-11D0-8D11-00A0C91BC942}") = "Problem_0014", "Problem_0014\Problem_0014.vcxproj", "{6867EC1B-365D-4020-972F-1B1EB62AF962}"
EndProject
Project("{8BC9CEB8-8B4A-11D0-8D11-00A0C91BC942}") = "Problem_0015", "Problem_0015\Problem_0015.vcxproj", "{8B4B3E24-FBF1-4B58-89AB-40891D25AC66}"
EndProject
Project("{8BC9CEB8-8B4A-11D0-8D11-00A0C91BC942}") = "Problem_0016", "Problem_0016\Problem_0016.vcxproj", "{4479A870-A215-4876-A56A-3955C501A2E4}"
EndProject
Project("{8BC9CEB8-8B4A-11D0-8D11-00A0C91BC942}") = "Problem_0096", "Problem_0096\Problem_0096.vcxproj", "{669CDCFD-DDBC-43F6-8014-A8662633E2D3}"
EndProject
Project("{8BC9CEB8-8B4A-11D0-8D11-00A0C91BC942}") = "Problem_0347", "Problem_0347\Problem_0347.vcxproj", "{67682521-F1E8-44BF-BE4F-A76DEFA3FF66}"
EndProject
Project("{8BC9CEB8-8B4A-11D0-8D11-00A0C91BC942}") = "Problem_0028", "Problem_0028\Problem_0028.vcxproj", "{19267B31-D3C2-46B2-99B8-5A9F9507991D}"
EndProject
Global
	GlobalSection(SolutionConfigurationPlatforms) = preSolution
		Debug|Win32 = Debug|Win32
		Release|Win32 = Release|Win32
	EndGlobalSection
	GlobalSection(ProjectConfigurationPlatforms) = postSolution
		{50918A7B-45B8-4AA9-8CD3-0689B7C7E367}.Debug|Win32.ActiveCfg = Debug|Win32
		{50918A7B-45B8-4AA9-8CD3-0689B7C7E367}.Debug|Win32.Build.0 = Debug|Win32
		{50918A7B-45B8-4AA9-8CD3-0689B7C7E367}.Release|Win32.ActiveCfg = Release|Win32
		{50918A7B-45B8-4AA9-8CD3-0689B7C7E367}.Release|Win32.Build.0 = Release|Win32
		{D40C7C16-3866-4D33-B3B1-09B9379326DE}.Debug|Win32.ActiveCfg = Debug|Win32
		{D40C7C16-3866-4D33-B3B1-09B9379326DE}.Debug|Win32.Build.0 = Debug|Win32
		{D40C7C16-3866-4D33-B3B1-09B9379326DE}.Release|Win32.ActiveCfg = Release|Win32
		{D40C7C16-3866-4D33-B3B1-09B9379326DE}.Release|Win32.Build.0 = Release|Win32
		{42B04DEF-0F17-4FB5-BDC8-161CF301F67C}.Debug|Win32.ActiveCfg = Debug|Win32
		{42B04DEF-0F17-4FB5-BDC8-161CF301F67C}.Debug|Win32.Build.0 = Debug|Win32
		{42B04DEF-0F17-4FB5-BDC8-161CF301F67C}.Release|Win32.ActiveCfg = Release|Win32
		{42B04DEF-0F17-4FB5-BDC8-161CF301F67C}.Release|Win32.Build.0 = Release|Win32
		{ECB5DDC5-1B80-4DB2-A4BF-1428E8E02E47}.Debug|Win32.ActiveCfg = Debug|Win32
		{ECB5DDC5-1B80-4DB2-A4BF-1428E8E02E47}.Debug|Win32.Build.0 = Debug|Win32
		{ECB5DDC5-1B80-4DB2-A4BF-1428E8E02E47}.Release|Win32.ActiveCfg = Release|Win32
		{ECB5DDC5-1B80-4DB2-A4BF-1428E8E02E47}.Release|Win32.Build.0 = Release|Win32
		{8AC36CD7-6A33-4126-9FA3-FEF676FC14BD}.Debug|Win32.ActiveCfg = Debug|Win32
		{8AC36CD7-6A33-4126-9FA3-FEF676FC14BD}.Debug|Win32.Build.0 = Debug|Win32
		{8AC36CD7-6A33-4126-9FA3-FEF676FC14BD}.Release|Win32.ActiveCfg = Release|Win32
		{8AC36CD7-6A33-4126-9FA3-FEF676FC14BD}.Release|Win32.Build.0 = Release|Win32
		{259789EE-70E2-4DB1-A7F7-C03D80610D37}.Debug|Win32.ActiveCfg = Debug|Win32
		{259789EE-70E2-4DB1-A7F7-C03D80610D37}.Debug|Win32.Build.0 = Debug|Win32
		{259789EE-70E2-4DB1-A7F7-C03D80610D37}.Release|Win32.ActiveCfg = Release|Win32
		{259789EE-70E2-4DB1-A7F7-C03D80610D37}.Release|Win32.Build.0 = Release|Win32
		{BCAD73E6-1ABD-4061-B160-41F078BB7588}.Debug|Win32.ActiveCfg = Debug|Win32
		{BCAD73E6-1ABD-4061-B160-41F078BB7588}.Debug|Win32.Build.0 = Debug|Win32
		{BCAD73E6-1ABD-4061-B160-41F078BB7588}.Release|Win32.ActiveCfg = Release|Win32
		{BCAD73E6-1ABD-4061-B160-41F078BB7588}.Release|Win32.Build.0 = Release|Win32
		{F4BAD63F-8491-4B9F-B7EC-5203CE541A0C}.Debug|Win32.ActiveCfg = Debug|Win32
		{F4BAD63F-8491-4B9F-B7EC-5203CE541A0C}.Debug|Win32.Build.0 = Debug|Win32
		{F4BAD63F-8491-4B9F-B7EC-5203CE541A0C}.Release|Win32.ActiveCfg = Release|Win32
		{F4BAD63F-8491-4B9F-B7EC-5203CE541A0C}.Release|Win32.Build.0 = Release|Win32
		{AB39D475-5BAA-4740-B3DD-2D108DEBF692}.Debug|Win32.ActiveCfg = Debug|Win32
		{AB39D475-5BAA-4740-B3DD-2D108DEBF692}.Debug|Win32.Build.0 = Debug|Win32
		{AB39D475-5BAA-4740-B3DD-2D108DEBF692}.Release|Win32.ActiveCfg = Release|Win32
		{AB39D475-5BAA-4740-B3DD-2D108DEBF692}.Release|Win32.Build.0 = Release|Win32
		{55DCDBE1-F04F-4FC0-9B8D-4B5FF9E24E6E}.Debug|Win32.ActiveCfg = Debug|Win32
		{55DCDBE1-F04F-4FC0-9B8D-4B5FF9E24E6E}.Debug|Win32.Build.0 = Debug|Win32
		{55DCDBE1-F04F-4FC0-9B8D-4B5FF9E24E6E}.Release|Win32.ActiveCfg = Release|Win32
		{55DCDBE1-F04F-4FC0-9B8D-4B5FF9E24E6E}.Release|Win32.Build.0 = Release|Win32
		{DBDD29CA-4A1A-40C0-881A-64FE4DDF2B0F}.Debug|Win32.ActiveCfg = Debug|Win32
		{DBDD29CA-4A1A-40C0-881A-64FE4DDF2B0F}.Debug|Win32.Build.0 = Debug|Win32
		{DBDD29CA-4A1A-40C0-881A-64FE4DDF2B0F}.Release|Win32.ActiveCfg = Release|Win32
		{DBDD29CA-4A1A-40C0-881A-64FE4DDF2B0F}.Release|Win32.Build.0 = Release|Win32
		{8E3CC4C1-C595-431A-B8FE-494193CBAF2C}.Debug|Win32.ActiveCfg = Debug|Win32
		{8E3CC4C1-C595-431A-B8FE-494193CBAF2C}.Debug|Win32.Build.0 = Debug|Win32
		{8E3CC4C1-C595-431A-B8FE-494193CBAF2C}.Release|Win32.ActiveCfg = Release|Win32
		{8E3CC4C1-C595-431A-B8FE-494193CBAF2C}.Release|Win32.Build.0 = Release|Win32
		{5D680265-301A-4C08-B210-686DB3B62E45}.Debug|Win32.ActiveCfg = Debug|Win32
		{5D680265-301A-4C08-B210-686DB3B62E45}.Debug|Win32.Build.0 = Debug|Win32
		{5D680265-301A-4C08-B210-686DB3B62E45}.Release|Win32.ActiveCfg = Release|Win32
		{5D680265-301A-4C08-B210-686DB3B62E45}.Release|Win32.Build.0 = Release|Win32
		{6867EC1B-365D-4020-972F-1B1EB62AF962}.Debug|Win32.ActiveCfg = Debug|Win32
		{6867EC1B-365D-4020-972F-1B1EB62AF962}.Debug|Win32.Build.0 = Debug|Win32
		{6867EC1B-365D-4020-972F-1B1EB62AF962}.Release|Win32.ActiveCfg = Release|Win32
		{6867EC1B-365D-4020-972F-1B1EB62AF962}.Release|Win32.Build.0 = Release|Win32
		{8B4B3E24-FBF1-4B58-89AB-40891D25AC66}.Debug|Win32.ActiveCfg = Debug|Win32
		{8B4B3E24-FBF1-4B58-89AB-40891D25AC66}.Debug|Win32.Build.0 = Debug|Win32
		{8B4B3E24-FBF1-4B58-89AB-40891D25AC66}.Release|Win32.ActiveCfg = Release|Win32
		{8B4B3E24-FBF1-4B58-89AB-40891D25AC66}.Release|Win32.Build.0 = Release|Win32
		{4479A870-A215-4876-A56A-3955C501A2E4}.Debug|Win32.ActiveCfg = Debug|Win32
		{4479A870-A215-4876-A56A-3955C501A2E4}.Debug|Win32.Build.0 = Debug|Win32
		{4479A870-A215-4876-A56A-3955C501A2E4}.Release|Win32.ActiveCfg = Release|Win32
		{4479A870-A215-4876-A56A-3955C501A2E4}.Release|Win32.Build.0 = Release|Win32
		{669CDCFD-DDBC-43F6-8014-A8662633E2D3}.Debug|Win32.ActiveCfg = Debug|Win32
		{669CDCFD-DDBC-43F6-8014-A8662633E2D3}.Debug|Win32.Build.0 = Debug|Win32
		{669CDCFD-DDBC-43F6-8014-A8662633E2D3}.Release|Win32.ActiveCfg = Release|Win32
		{669CDCFD-DDBC-43F6-8014-A8662633E2D3}.Release|Win32.Build.0 = Release|Win32
		{67682521-F1E8-44BF-BE4F-A76DEFA3FF66}.Debug|Win32.ActiveCfg = Debug|Win32
		{67682521-F1E8-44BF-BE4F-A76DEFA3FF66}.Debug|Win32.Build.0 = Debug|Win32
		{67682521-F1E8-44BF-BE4F-A76DEFA3FF66}.Release|Win32.ActiveCfg = Release|Win32
		{67682521-F1E8-44BF-BE4F-A76DEFA3FF66}.Release|Win32.Build.0 = Release|Win32
		{19267B31-D3C2-46B2-99B8-5A9F9507991D}.Debug|Win32.ActiveCfg = Debug|Win32
		{19267B31-D3C2-46B2-99B8-5A9F9507991D}.Debug|Win32.Build.0 = Debug|Win32
		{19267B31-D3C2-46B2-99B8-5A9F9507991D}.Release|Win32.ActiveCfg = Release|Win32
		{19267B31-D3C2-46B2-99B8-5A9F9507991D}.Release|Win32.Build.0 = Release|Win32
	EndGlobalSection
	GlobalSection(SolutionProperties) = preSolution
		HideSolutionNode = FALSE
	EndGlobalSection
EndGlobal
